# This file is autogenerated, do not edit; changes may be undone by the next 'dep ensure'.


[[projects]]
  digest = "1:e6cf7f1e22c2e370148aa4d8625838a8c04c69e92309fc52d314edd3ac271f57"
  name = "github.com/fzipp/gocyclo"
  packages = [
    ".",
    "cmd/gocyclo",
  ]
  pruneopts = "UT"
  revision = "9daf4d98bd08ef625231d5a31f45294182cdf392"
  version = "v0.4.0"

[solve-meta]
  analyzer-name = "dep"
  analyzer-version = 1
  input-imports = ["github.com/fzipp/gocyclo/cmd/gocyclo"]
  solver-name = "gps-cdcl"
  solver-version = 1
